github.com/aaronland/go-roster v1.0.0 h1:FRDGrTqsYySKjWnAhbBGXyeGlI/o5/t9FZYCbUmyQtI=
github.com/aaronland/go-roster v1.0.0/go.mod h1:KIsYZgrJlAsyb9LsXSCvlqvbcCBVjCSqcQiZx42i9ro=
github.com/aaronland/gomail-sender v1.0.1 h1:SrXsZmorKgeWWf7O20063GjVQAw7x+/A3w97B4EePAI=
github.com/aaronland/gomail-sender v1.0.1/go.mod h1:Cl0XMpTMcCKSxbUIlzj61allbbig+Qe3GO0YzLPgASg=
github.com/aaronland/gomail/v2 v2.0.8 h1:pTHK0/Q7Xctz2/HcG3pa3SH8DS9kNW/f/kmvPPTJmq0=
github.com/aaronland/gomail/v2 v2.0.8/go.mod h1:EW4vlCrGmTlJm5vu6BJbkATC8xzqicURtJjoWSX0FWM=
github.com/gen2brain/beeep v0.0.0-20240516210008-9c006672e7f4 h1:ygs9POGDQpQGLJPlq4+0LBUmMBNox1N4JSpw+OETcvI=
github.com/gen2brain/beeep v0.0.0-20240516210008-9c006672e7f4/go.mod h1:0W7dI87PvXJ1Sjs0QPvWXKcQmNERY77e8l7GFhZB/s4=
github.com/go-toast/toast v0.0.0-20190211030409-01e6764cf0a4 h1:qZNfIGkIANxGv/OqtnntR4DfOY2+BgwR60cAcu/i3SE=
github.com/go-toast/toast v0.0.0-20190211030409-01e6764cf0a4/go.mod h1:kW3HQ4UdaAyrUCSSDR4xUzBKW6O2iA4uHhk7AtyYp10=
github.com/godbus/dbus/v5 v5.1.0 h1:4KLkAxT3aOY8Li4FRJe/KvhoNFFxo0m6fNuFUO8QJUk=
github.com/godbus/dbus/v5 v5.1.0/go.mod h1:xhWf0FNVPg57R7Z0UbKHbJfkEywrmjJnf7w5xrFpKfA=
github.com/nu7hatch/gouuid v0.0.0-20131221200532-179d4d0c4d8d h1:VhgPp6v9qf9Agr/56bj7Y/xa04UccTW04VP0Qed4vnQ=
github.com/nu7hatch/gouuid v0.0.0-20131221200532-179d4d0c4d8d/go.mod h1:YUTz3bUH2ZwIWBy3CJBeOBEugqcmXREj14T+iG/4k4U=
github.com/sfomuseum/go-flags v0.10.0 h1:1OC1ACxpWMsl3XQ9OeNVMQj7Zi2CzufP3Rym3mPI8HU=
github.com/sfomuseum/go-flags v0.10.0/go.mod h1:VXOnnX1/yxQpX2yiwHaBV6aCmhtszQOL5bL1/nNo3co=
github.com/sfomuseum/go-slack v1.2.0 h1:J+PUJQQWpynZNqHDabrohcN8K2GnvtTTOMvXR/DZ52o=
github.com/sfomuseum/go-slack v1.2.0/go.mod h1:Tlz0+xxGkuMSo6hU+4/HvsqzOFu8bGNrLDxrB/MKGmc=
github.com/tadvi/systray v0.0.0-20190226123456-11a2b8fa57af h1:6yITBqGTE2lEeTPG04SN9W+iWHCRyHqlVYILiSXziwk=
github.com/tadvi/systray v0.0.0-20190226123456-11a2b8fa57af/go.mod h1:4F09kP5F+am0jAwlQLddpoMDM+iewkxxt6nxUQ5nq5o=
golang.org/x/sys v0.6.0/go.mod h1:oPkhp1MJrh7nUepCBck5+mAzfO9JrbApNNgaTdGDITg=
golang.org/x/sys v0.21.0 h1:rF+pYz3DAGSQAxAu1CbC7catZg4ebC4UIeIhKxBZvws=
golang.org/x/sys v0.21.0/go.mod h1:/VUhepiaJMQUp4+oa/7Zr1D23ma6VTLIYjOOTFZPUcA=
gopkg.in/alexcesaro/quotedprintable.v3 v3.0.0-20150716171945-2caba252f4dc h1:2gGKlE2+asNV9m7xrywl36YYNnBG5ZQ0r/BOOxqPpmk=
gopkg.in/alexcesaro/quotedprintable.v3 v3.0.0-20150716171945-2caba252f4dc/go.mod h1:m7x9LTH6d71AHyAX77c9yqWCCa3UKHcVEj9y7hAtKDk=
